{
  "name": "miniprogram",
  "version": "1.0.0",
  "lockfileVersion": 1,
  "requires": true,
  "dependencies": {
    "@vant/weapp": {
      "version": "1.2.2",
      "resolved": "https://registry.npm.taobao.org/@vant/weapp/download/@vant/weapp-1.2.2.tgz",
      "integrity": "sha1-ISz17rOBKnSG8sy7juOK876MRbk="
    }
  }
}
